
Microsoft Visual Studio Solution File, Format Version 11.00
# Visual Studio 2010
Project("{F184B08F-C81C-45F6-A57F-5ABD9991F28F}") = "Apotek", "Apotek\Apotek.vbproj", "{15989041-3CAB-425B-99FF-8778B3EB4ACF}"
EndProject
Global
	GlobalSection(SolutionConfigurationPlatforms) = preSolution
		Debug|x86 = Debug|x86
		Release|x86 = Release|x86
	EndGlobalSection
	GlobalSection(ProjectConfigurationPlatforms) = postSolution
		{15989041-3CAB-425B-99FF-8778B3EB4ACF}.Debug|x86.ActiveCfg = Debug|x86
		{15989041-3CAB-425B-99FF-8778B3EB4ACF}.Debug|x86.Build.0 = Debug|x86
		{15989041-3CAB-425B-99FF-8778B3EB4ACF}.Release|x86.ActiveCfg = Release|x86
		{15989041-3CAB-425B-99FF-8778B3EB4ACF}.Release|x86.Build.0 = Release|x86
	EndGlobalSection
	GlobalSection(SolutionProperties) = preSolution
		HideSolutionNode = FALSE
	EndGlobalSection
EndGlobal
